
Microsoft Visual Studio Solution File, Format Version 12.00
# Visual Studio Version 17
VisualStudioVersion = 17.11.35222.181
MinimumVisualStudioVersion = 10.0.40219.1
Project("{FAE04EC0-301F-11D3-BF4B-00C04F79EFBC}") = "EmployeeProject", "EmployeeProject.csproj", "{74C5839B-4631-4F4B-AC6C-1073DCEA7F5B}"
EndProject
Global
	GlobalSection(SolutionConfigurationPlatforms) = preSolution
		Debug|Any CPU = Debug|Any CPU
		Release|Any CPU = Release|Any CPU
	EndGlobalSection
	GlobalSection(ProjectConfigurationPlatforms) = postSolution
		{74C5839B-4631-4F4B-AC6C-1073DCEA7F5B}.Debug|Any CPU.ActiveCfg = Debug|Any CPU
		{74C5839B-4631-4F4B-AC6C-1073DCEA7F5B}.Debug|Any CPU.Build.0 = Debug|Any CPU
		{74C5839B-4631-4F4B-AC6C-1073DCEA7F5B}.Release|Any CPU.ActiveCfg = Release|Any CPU
		{74C5839B-4631-4F4B-AC6C-1073DCEA7F5B}.Release|Any CPU.Build.0 = Release|Any CPU
	EndGlobalSection
	GlobalSection(SolutionProperties) = preSolution
		HideSolutionNode = FALSE
	EndGlobalSection
	GlobalSection(ExtensibilityGlobals) = postSolution
		SolutionGuid = {8A6D1998-7372-430C-9932-C934E4B7111B}
	EndGlobalSection
EndGlobal
